<?xml version="1.0" encoding="UTF-8"?>
<CONFIG>
  <ProjectOptions>
    <Version Value="11"/>
    <General>
      <Flags>
        <MainUnitHasCreateFormStatements Value="False"/>
        <MainUnitHasTitleStatement Value="False"/>
        <MainUnitHasScaledStatement Value="False"/>
      </Flags>
      <SessionStorage Value="InProjectDir"/>
      <MainUnit Value="0"/>
      <Title Value="kbot6"/>
      <UseAppBundle Value="False"/>
      <ResourceType Value="res"/>
    </General>
    <VersionInfo>
      <UseVersionInfo Value="True"/>
      <AutoIncrementBuild Value="True"/>
      <Language Value="0419"/>
      <CharSet Value="04B0"/>
      <Attributes pvaPrivateBuild="True"/>
    </VersionInfo>
    <BuildModes Count="1">
      <Item1 Name="Debug" Default="True"/>
    </BuildModes>
    <PublishOptions>
      <Version Value="2"/>
      <UseFileFilters Value="True"/>
    </PublishOptions>
    <RunParams>
      <FormatVersion Value="2"/>
      <Modes Count="0"/>
    </RunParams>
    <Units Count="8">
      <Unit0>
        <Filename Value="main.pas"/>
        <IsPartOfProject Value="True"/>
        <UnitName Value="KBot6"/>
      </Unit0>
      <Unit1>
        <Filename Value="net.pas"/>
        <IsPartOfProject Value="True"/>
        <UnitName Value="Net"/>
      </Unit1>
      <Unit2>
        <Filename Value="vkapi.pas"/>
        <IsPartOfProject Value="True"/>
        <UnitName Value="VKAPI"/>
      </Unit2>
      <Unit3>
        <Filename Value="luaplugins.pas"/>
        <IsPartOfProject Value="True"/>
        <UnitName Value="LuaPlugins"/>
      </Unit3>
      <Unit4>
        <Filename Value="commands.pas"/>
        <IsPartOfProject Value="True"/>
        <UnitName Value="Commands"/>
      </Unit4>
      <Unit5>
        <Filename Value="utils.pas"/>
        <IsPartOfProject Value="True"/>
        <UnitName Value="Utils"/>
      </Unit5>
      <Unit6>
        <Filename Value="database.pas"/>
        <IsPartOfProject Value="True"/>
        <UnitName Value="Database"/>
      </Unit6>
      <Unit7>
        <Filename Value="pythonplugins.pas"/>
        <IsPartOfProject Value="True"/>
        <UnitName Value="PythonPlugins"/>
      </Unit7>
    </Units>
  </ProjectOptions>
  <CompilerOptions>
    <Version Value="11"/>
    <Target>
      <Filename Value="bin/kbot6" ApplyConventions="False"/>
    </Target>
    <SearchPaths>
      <IncludeFiles Value="$(ProjOutDir)"/>
      <OtherUnitFiles Value="src"/>
      <UnitOutputDirectory Value="compunits/$(TargetCPU)-$(TargetOS)"/>
    </SearchPaths>
    <Parsing>
      <SyntaxOptions>
        <AllowLabel Value="False"/>
      </SyntaxOptions>
    </Parsing>
    <CodeGeneration>
      <Optimizations>
        <OptimizationLevel Value="0"/>
      </Optimizations>
      <SmallerCode Value="True"/>
    </CodeGeneration>
    <Linking>
      <Options>
        <PassLinkerOptions Value="True"/>
        <LinkerOptions Value="-R ./"/>
      </Options>
    </Linking>
  </CompilerOptions>
  <Debugging>
    <Exceptions Count="3">
      <Item1>
        <Name Value="EAbort"/>
      </Item1>
      <Item2>
        <Name Value="ECodetoolError"/>
      </Item2>
      <Item3>
        <Name Value="EFOpenError"/>
      </Item3>
    </Exceptions>
  </Debugging>
</CONFIG>
