<?xml version="1.0" encoding="UTF-8"?>
<CONFIG>
  <ProjectOptions>
    <Version Value="11"/>
    <General>
      <Flags>
        <MainUnitHasCreateFormStatements Value="False"/>
        <MainUnitHasTitleStatement Value="False"/>
        <MainUnitHasScaledStatement Value="False"/>
      </Flags>
      <SessionStorage Value="InProjectDir"/>
      <MainUnit Value="0"/>
      <Title Value="kbot6"/>
      <UseAppBundle Value="False"/>
      <ResourceType Value="res"/>
    </General>
    <VersionInfo>
      <UseVersionInfo Value="True"/>
      <AutoIncrementBuild Value="True"/>
      <MajorVersionNr Value="1"/>
      <BuildNr Value="82"/>
      <Language Value="0419"/>
      <CharSet Value="04B0"/>
      <Attributes pvaPrivateBuild="True"/>
      <StringTable CompanyName="Augmeneco" FileDescription="Bot for vk.com" LegalCopyright="MIT License" ProductName="KBot6" ProductVersion="6"/>
    </VersionInfo>
    <BuildModes Count="1">
      <Item1 Name="Debug" Default="True"/>
    </BuildModes>
    <PublishOptions>
      <Version Value="2"/>
      <UseFileFilters Value="True"/>
    </PublishOptions>
    <RunParams>
      <FormatVersion Value="2"/>
      <Modes Count="0"/>
    </RunParams>
    <Units Count="9">
      <Unit0>
        <Filename Value="main.pas"/>
        <IsPartOfProject Value="True"/>
        <UnitName Value="KBot6"/>
      </Unit0>
      <Unit1>
        <Filename Value="net.pas"/>
        <IsPartOfProject Value="True"/>
        <UnitName Value="Net"/>
      </Unit1>
      <Unit2>
        <Filename Value="vkapi.pas"/>
        <IsPartOfProject Value="True"/>
        <UnitName Value="VKAPI"/>
      </Unit2>
      <Unit3>
        <Filename Value="luaplugins.pas"/>
        <IsPartOfProject Value="True"/>
        <UnitName Value="LuaPlugins"/>
      </Unit3>
      <Unit4>
        <Filename Value="utils.pas"/>
        <IsPartOfProject Value="True"/>
        <UnitName Value="Utils"/>
      </Unit4>
      <Unit5>
        <Filename Value="database.pas"/>
        <IsPartOfProject Value="True"/>
        <UnitName Value="Database"/>
      </Unit5>
      <Unit6>
        <Filename Value="pythonplugins.pas"/>
        <IsPartOfProject Value="True"/>
        <UnitName Value="PythonPlugins"/>
      </Unit6>
      <Unit7>
        <Filename Value="events.pas"/>
        <IsPartOfProject Value="True"/>
        <UnitName Value="Events"/>
      </Unit7>
      <Unit8>
        <Filename Value="longpollchat.pas"/>
        <IsPartOfProject Value="True"/>
        <UnitName Value="LongpollChat"/>
      </Unit8>
    </Units>
  </ProjectOptions>
  <CompilerOptions>
    <Version Value="11"/>
    <Target>
      <Filename Value="bin/kbot6" ApplyConventions="False"/>
    </Target>
    <SearchPaths>
      <IncludeFiles Value="$(ProjOutDir)"/>
      <OtherUnitFiles Value="lib/python4lazarus;lib/flre;lib/lua4lazarus"/>
      <UnitOutputDirectory Value="compunits/$(TargetCPU)-$(TargetOS)"/>
    </SearchPaths>
    <Parsing>
      <SyntaxOptions>
        <AllowLabel Value="False"/>
      </SyntaxOptions>
    </Parsing>
    <CodeGeneration>
      <SmartLinkUnit Value="True"/>
      <RelocatableUnit Value="True"/>
      <Optimizations>
        <OptimizationLevel Value="0"/>
      </Optimizations>
    </CodeGeneration>
    <Linking>
      <Debugging>
        <UseHeaptrc Value="True"/>
        <TrashVariables Value="True"/>
      </Debugging>
      <LinkSmart Value="True"/>
      <Options>
        <LinkerOptions Value="-R ./"/>
      </Options>
    </Linking>
  </CompilerOptions>
  <Debugging>
    <Exceptions Count="1">
      <Item1>
        <Name Value="ESocketError"/>
      </Item1>
    </Exceptions>
  </Debugging>
</CONFIG>
